# generated by rye
# use `rye lock` or `rye sync` to update this lockfile
#
# last locked with the following flags:
#   pre: false
#   features: []
#   all-features: false
#   with-sources: false

-e file:.
contourpy==1.2.0
    # via matplotlib
cycler==0.12.1
    # via matplotlib
fonttools==4.50.0
    # via matplotlib
importlib-resources==6.3.1
    # via matplotlib
kiwisolver==1.4.5
    # via matplotlib
matplotlib==3.8.0
    # via rust-sorts
numpy==1.26.0
    # via contourpy
    # via matplotlib
    # via rust-sorts
packaging==24.0
    # via matplotlib
pillow==10.2.0
    # via matplotlib
pip==24.0
    # via rust-sorts
pyparsing==3.1.2
    # via matplotlib
python-dateutil==2.9.0.post0
    # via matplotlib
six==1.16.0
    # via python-dateutil
zipp==3.18.1
    # via importlib-resources
